// !$*UTF8*$!
{
	archiveVersion = 1;
	classes = {
	};
	objectVersion = 48;
	objects = {

/* Begin PBXBuildFile section */
		9203496D2068969000D6AC5C /* WeatherTableViewCell.m in Sources */ = {isa = PBXBuildFile; fileRef = 9203496C2068969000D6AC5C /* WeatherTableViewCell.m */; };
		92220D2D20682A7D00062F58 /* Reachability.m in Sources */ = {isa = PBXBuildFile; fileRef = 92220D2C20682A7D00062F58 /* Reachability.m */; };
		9264A0AF20688CEC00FAF90C /* 01d.png in Resources */ = {isa = PBXBuildFile; fileRef = 9264A0A620688CEB00FAF90C /* 01d.png */; };
		9264A0B020688CEC00FAF90C /* 03d.png in Resources */ = {isa = PBXBuildFile; fileRef = 9264A0A720688CEB00FAF90C /* 03d.png */; };
		9264A0B120688CEC00FAF90C /* 11d.png in Resources */ = {isa = PBXBuildFile; fileRef = 9264A0A820688CEB00FAF90C /* 11d.png */; };
		9264A0B220688CEC00FAF90C /* 02d.png in Resources */ = {isa = PBXBuildFile; fileRef = 9264A0A920688CEC00FAF90C /* 02d.png */; };
		9264A0B320688CEC00FAF90C /* 50d.png in Resources */ = {isa = PBXBuildFile; fileRef = 9264A0AA20688CEC00FAF90C /* 50d.png */; };
		9264A0B420688CEC00FAF90C /* 13d.png in Resources */ = {isa = PBXBuildFile; fileRef = 9264A0AB20688CEC00FAF90C /* 13d.png */; };
		9264A0B520688CEC00FAF90C /* 10d.png in Resources */ = {isa = PBXBuildFile; fileRef = 9264A0AC20688CEC00FAF90C /* 10d.png */; };
		9264A0B620688CEC00FAF90C /* 04d.png in Resources */ = {isa = PBXBuildFile; fileRef = 9264A0AD20688CEC00FAF90C /* 04d.png */; };
		9264A0B720688CEC00FAF90C /* 09d.png in Resources */ = {isa = PBXBuildFile; fileRef = 9264A0AE20688CEC00FAF90C /* 09d.png */; };
		9264A0C120688ECA00FAF90C /* 10n.png in Resources */ = {isa = PBXBuildFile; fileRef = 9264A0B820688EC900FAF90C /* 10n.png */; };
		9264A0C220688ECA00FAF90C /* 04n.png in Resources */ = {isa = PBXBuildFile; fileRef = 9264A0B920688EC900FAF90C /* 04n.png */; };
		9264A0C320688ECA00FAF90C /* 03n.png in Resources */ = {isa = PBXBuildFile; fileRef = 9264A0BA20688EC900FAF90C /* 03n.png */; };
		9264A0C420688ECA00FAF90C /* 09n.png in Resources */ = {isa = PBXBuildFile; fileRef = 9264A0BB20688EC900FAF90C /* 09n.png */; };
		9264A0C520688ECA00FAF90C /* 11n.png in Resources */ = {isa = PBXBuildFile; fileRef = 9264A0BC20688ECA00FAF90C /* 11n.png */; };
		9264A0C620688ECA00FAF90C /* 50n.png in Resources */ = {isa = PBXBuildFile; fileRef = 9264A0BD20688ECA00FAF90C /* 50n.png */; };
		9264A0C720688ECA00FAF90C /* 01n.png in Resources */ = {isa = PBXBuildFile; fileRef = 9264A0BE20688ECA00FAF90C /* 01n.png */; };
		9264A0C820688ECA00FAF90C /* 02n.png in Resources */ = {isa = PBXBuildFile; fileRef = 9264A0BF20688ECA00FAF90C /* 02n.png */; };
		9264A0C920688ECA00FAF90C /* 13n.png in Resources */ = {isa = PBXBuildFile; fileRef = 9264A0C020688ECA00FAF90C /* 13n.png */; };
		926952E52066EAF500E5BE47 /* AppDelegate.m in Sources */ = {isa = PBXBuildFile; fileRef = 926952E42066EAF500E5BE47 /* AppDelegate.m */; };
		926952E82066EAF500E5BE47 /* ViewController.m in Sources */ = {isa = PBXBuildFile; fileRef = 926952E72066EAF500E5BE47 /* ViewController.m */; };
		926952EB2066EAF500E5BE47 /* Main.storyboard in Resources */ = {isa = PBXBuildFile; fileRef = 926952E92066EAF500E5BE47 /* Main.storyboard */; };
		926952ED2066EAF500E5BE47 /* Assets.xcassets in Resources */ = {isa = PBXBuildFile; fileRef = 926952EC2066EAF500E5BE47 /* Assets.xcassets */; };
		926952F02066EAF500E5BE47 /* LaunchScreen.storyboard in Resources */ = {isa = PBXBuildFile; fileRef = 926952EE2066EAF500E5BE47 /* LaunchScreen.storyboard */; };
		926952F32066EAF500E5BE47 /* main.m in Sources */ = {isa = PBXBuildFile; fileRef = 926952F22066EAF500E5BE47 /* main.m */; };
		92C4F8D62068457D003A7035 /* DetailViewController.m in Sources */ = {isa = PBXBuildFile; fileRef = 92C4F8D52068457D003A7035 /* DetailViewController.m */; };
		A9B4E5BE55FB8034C1ECE20A /* libPods-CallyoObjcCodeChallenge.a in Frameworks */ = {isa = PBXBuildFile; fileRef = C391CB2E3D3D7811E651D587 /* libPods-CallyoObjcCodeChallenge.a */; };
/* End PBXBuildFile section */

/* Begin PBXFileReference section */
		3981028BF235AE9F3E788868 /* Pods-CallyoObjcCodeChallenge.debug.xcconfig */ = {isa = PBXFileReference; includeInIndex = 1; lastKnownFileType = text.xcconfig; name = "Pods-CallyoObjcCodeChallenge.debug.xcconfig"; path = "Pods/Target Support Files/Pods-CallyoObjcCodeChallenge/Pods-CallyoObjcCodeChallenge.debug.xcconfig"; sourceTree = "<group>"; };
		9203496B2068969000D6AC5C /* WeatherTableViewCell.h */ = {isa = PBXFileReference; lastKnownFileType = sourcecode.c.h; path = WeatherTableViewCell.h; sourceTree = "<group>"; };
		9203496C2068969000D6AC5C /* WeatherTableViewCell.m */ = {isa = PBXFileReference; lastKnownFileType = sourcecode.c.objc; path = WeatherTableViewCell.m; sourceTree = "<group>"; };
		92220D2B20682A7D00062F58 /* Reachability.h */ = {isa = PBXFileReference; fileEncoding = 4; lastKnownFileType = sourcecode.c.h; path = Reachability.h; sourceTree = "<group>"; };
		92220D2C20682A7D00062F58 /* Reachability.m */ = {isa = PBXFileReference; fileEncoding = 4; lastKnownFileType = sourcecode.c.objc; path = Reachability.m; sourceTree = "<group>"; };
		9264A0A620688CEB00FAF90C /* 01d.png */ = {isa = PBXFileReference; lastKnownFileType = image.png; path = 01d.png; sourceTree = "<group>"; };
		9264A0A720688CEB00FAF90C /* 03d.png */ = {isa = PBXFileReference; lastKnownFileType = image.png; path = 03d.png; sourceTree = "<group>"; };
		9264A0A820688CEB00FAF90C /* 11d.png */ = {isa = PBXFileReference; lastKnownFileType = image.png; path = 11d.png; sourceTree = "<group>"; };
		9264A0A920688CEC00FAF90C /* 02d.png */ = {isa = PBXFileReference; lastKnownFileType = image.png; path = 02d.png; sourceTree = "<group>"; };
		9264A0AA20688CEC00FAF90C /* 50d.png */ = {isa = PBXFileReference; lastKnownFileType = image.png; path = 50d.png; sourceTree = "<group>"; };
		9264A0AB20688CEC00FAF90C /* 13d.png */ = {isa = PBXFileReference; lastKnownFileType = image.png; path = 13d.png; sourceTree = "<group>"; };
		9264A0AC20688CEC00FAF90C /* 10d.png */ = {isa = PBXFileReference; lastKnownFileType = image.png; path = 10d.png; sourceTree = "<group>"; };
		9264A0AD20688CEC00FAF90C /* 04d.png */ = {isa = PBXFileReference; lastKnownFileType = image.png; path = 04d.png; sourceTree = "<group>"; };
		9264A0AE20688CEC00FAF90C /* 09d.png */ = {isa = PBXFileReference; lastKnownFileType = image.png; path = 09d.png; sourceTree = "<group>"; };
		9264A0B820688EC900FAF90C /* 10n.png */ = {isa = PBXFileReference; lastKnownFileType = image.png; path = 10n.png; sourceTree = "<group>"; };
		9264A0B920688EC900FAF90C /* 04n.png */ = {isa = PBXFileReference; lastKnownFileType = image.png; path = 04n.png; sourceTree = "<group>"; };
		9264A0BA20688EC900FAF90C /* 03n.png */ = {isa = PBXFileReference; lastKnownFileType = image.png; path = 03n.png; sourceTree = "<group>"; };
		9264A0BB20688EC900FAF90C /* 09n.png */ = {isa = PBXFileReference; lastKnownFileType = image.png; path = 09n.png; sourceTree = "<group>"; };
		9264A0BC20688ECA00FAF90C /* 11n.png */ = {isa = PBXFileReference; lastKnownFileType = image.png; path = 11n.png; sourceTree = "<group>"; };
		9264A0BD20688ECA00FAF90C /* 50n.png */ = {isa = PBXFileReference; lastKnownFileType = image.png; path = 50n.png; sourceTree = "<group>"; };
		9264A0BE20688ECA00FAF90C /* 01n.png */ = {isa = PBXFileReference; lastKnownFileType = image.png; path = 01n.png; sourceTree = "<group>"; };
		9264A0BF20688ECA00FAF90C /* 02n.png */ = {isa = PBXFileReference; lastKnownFileType = image.png; path = 02n.png; sourceTree = "<group>"; };
		9264A0C020688ECA00FAF90C /* 13n.png */ = {isa = PBXFileReference; lastKnownFileType = image.png; path = 13n.png; sourceTree = "<group>"; };
		926952E02066EAF500E5BE47 /* CallyoObjcCodeChallenge.app */ = {isa = PBXFileReference; explicitFileType = wrapper.application; includeInIndex = 0; path = CallyoObjcCodeChallenge.app; sourceTree = BUILT_PRODUCTS_DIR; };
		926952E32066EAF500E5BE47 /* AppDelegate.h */ = {isa = PBXFileReference; lastKnownFileType = sourcecode.c.h; path = AppDelegate.h; sourceTree = "<group>"; };
		926952E42066EAF500E5BE47 /* AppDelegate.m */ = {isa = PBXFileReference; lastKnownFileType = sourcecode.c.objc; path = AppDelegate.m; sourceTree = "<group>"; };
		926952E62066EAF500E5BE47 /* ViewController.h */ = {isa = PBXFileReference; lastKnownFileType = sourcecode.c.h; path = ViewController.h; sourceTree = "<group>"; };
		926952E72066EAF500E5BE47 /* ViewController.m */ = {isa = PBXFileReference; lastKnownFileType = sourcecode.c.objc; path = ViewController.m; sourceTree = "<group>"; };
		926952EA2066EAF500E5BE47 /* Base */ = {isa = PBXFileReference; lastKnownFileType = file.storyboard; name = Base; path = Base.lproj/Main.storyboard; sourceTree = "<group>"; };
		926952EC2066EAF500E5BE47 /* Assets.xcassets */ = {isa = PBXFileReference; lastKnownFileType = folder.assetcatalog; path = Assets.xcassets; sourceTree = "<group>"; };
		926952EF2066EAF500E5BE47 /* Base */ = {isa = PBXFileReference; lastKnownFileType = file.storyboard; name = Base; path = Base.lproj/LaunchScreen.storyboard; sourceTree = "<group>"; };
		926952F12066EAF500E5BE47 /* Info.plist */ = {isa = PBXFileReference; lastKnownFileType = text.plist.xml; path = Info.plist; sourceTree = "<group>"; };
		926952F22066EAF500E5BE47 /* main.m */ = {isa = PBXFileReference; lastKnownFileType = sourcecode.c.objc; path = main.m; sourceTree = "<group>"; };
		92C4F8D42068457D003A7035 /* DetailViewController.h */ = {isa = PBXFileReference; lastKnownFileType = sourcecode.c.h; path = DetailViewController.h; sourceTree = "<group>"; };
		92C4F8D52068457D003A7035 /* DetailViewController.m */ = {isa = PBXFileReference; lastKnownFileType = sourcecode.c.objc; path = DetailViewController.m; sourceTree = "<group>"; };
		BD4A0778F36DADA4120D25DA /* Pods-CallyoObjcCodeChallenge.release.xcconfig */ = {isa = PBXFileReference; includeInIndex = 1; lastKnownFileType = text.xcconfig; name = "Pods-CallyoObjcCodeChallenge.release.xcconfig"; path = "Pods/Target Support Files/Pods-CallyoObjcCodeChallenge/Pods-CallyoObjcCodeChallenge.release.xcconfig"; sourceTree = "<group>"; };
		C391CB2E3D3D7811E651D587 /* libPods-CallyoObjcCodeChallenge.a */ = {isa = PBXFileReference; explicitFileType = archive.ar; includeInIndex = 0; path = "libPods-CallyoObjcCodeChallenge.a"; sourceTree = BUILT_PRODUCTS_DIR; };
/* End PBXFileReference section */

/* Begin PBXFrameworksBuildPhase section */
		926952DD2066EAF500E5BE47 /* Frameworks */ = {
			isa = PBXFrameworksBuildPhase;
			buildActionMask = 2147483647;
			files = (
				A9B4E5BE55FB8034C1ECE20A /* libPods-CallyoObjcCodeChallenge.a in Frameworks */,
			);
			runOnlyForDeploymentPostprocessing = 0;
		};
/* End PBXFrameworksBuildPhase section */

/* Begin PBXGroup section */
		9203496E20690CE100D6AC5C /* icons */ = {
			isa = PBXGroup;
			children = (
				9264A0BE20688ECA00FAF90C /* 01n.png */,
				9264A0BF20688ECA00FAF90C /* 02n.png */,
				9264A0BA20688EC900FAF90C /* 03n.png */,
				9264A0B920688EC900FAF90C /* 04n.png */,
				9264A0BB20688EC900FAF90C /* 09n.png */,
				9264A0B820688EC900FAF90C /* 10n.png */,
				9264A0BC20688ECA00FAF90C /* 11n.png */,
				9264A0C020688ECA00FAF90C /* 13n.png */,
				9264A0BD20688ECA00FAF90C /* 50n.png */,
				9264A0A620688CEB00FAF90C /* 01d.png */,
				9264A0A920688CEC00FAF90C /* 02d.png */,
				9264A0A720688CEB00FAF90C /* 03d.png */,
				9264A0AD20688CEC00FAF90C /* 04d.png */,
				9264A0AE20688CEC00FAF90C /* 09d.png */,
				9264A0AC20688CEC00FAF90C /* 10d.png */,
				9264A0A820688CEB00FAF90C /* 11d.png */,
				9264A0AB20688CEC00FAF90C /* 13d.png */,
				9264A0AA20688CEC00FAF90C /* 50d.png */,
			);
			path = icons;
			sourceTree = "<group>";
		};
		926952D72066EAF500E5BE47 = {
			isa = PBXGroup;
			children = (
				926952E22066EAF500E5BE47 /* CallyoObjcCodeChallenge */,
				926952E12066EAF500E5BE47 /* Products */,
				9F2A6DBDC9B617D540FEF183 /* Pods */,
				9595E08BC221F94B33EDABE6 /* Frameworks */,
			);
			sourceTree = "<group>";
		};
		926952E12066EAF500E5BE47 /* Products */ = {
			isa = PBXGroup;
			children = (
				926952E02066EAF500E5BE47 /* CallyoObjcCodeChallenge.app */,
			);
			name = Products;
			sourceTree = "<group>";
		};
		926952E22066EAF500E5BE47 /* CallyoObjcCodeChallenge */ = {
			isa = PBXGroup;
			children = (
				9203496E20690CE100D6AC5C /* icons */,
				926952E32066EAF500E5BE47 /* AppDelegate.h */,
				926952E42066EAF500E5BE47 /* AppDelegate.m */,
				926952E62066EAF500E5BE47 /* ViewController.h */,
				926952E72066EAF500E5BE47 /* ViewController.m */,
				92220D2B20682A7D00062F58 /* Reachability.h */,
				92C4F8D42068457D003A7035 /* DetailViewController.h */,
				92C4F8D52068457D003A7035 /* DetailViewController.m */,
				9203496B2068969000D6AC5C /* WeatherTableViewCell.h */,
				9203496C2068969000D6AC5C /* WeatherTableViewCell.m */,
				92220D2C20682A7D00062F58 /* Reachability.m */,
				926952E92066EAF500E5BE47 /* Main.storyboard */,
				926952EC2066EAF500E5BE47 /* Assets.xcassets */,
				926952EE2066EAF500E5BE47 /* LaunchScreen.storyboard */,
				926952F12066EAF500E5BE47 /* Info.plist */,
				926952F22066EAF500E5BE47 /* main.m */,
			);
			path = CallyoObjcCodeChallenge;
			sourceTree = "<group>";
		};
		9595E08BC221F94B33EDABE6 /* Frameworks */ = {
			isa = PBXGroup;
			children = (
				C391CB2E3D3D7811E651D587 /* libPods-CallyoObjcCodeChallenge.a */,
			);
			name = Frameworks;
			sourceTree = "<group>";
		};
		9F2A6DBDC9B617D540FEF183 /* Pods */ = {
			isa = PBXGroup;
			children = (
				3981028BF235AE9F3E788868 /* Pods-CallyoObjcCodeChallenge.debug.xcconfig */,
				BD4A0778F36DADA4120D25DA /* Pods-CallyoObjcCodeChallenge.release.xcconfig */,
			);
			name = Pods;
			sourceTree = "<group>";
		};
/* End PBXGroup section */

/* Begin PBXNativeTarget section */
		926952DF2066EAF500E5BE47 /* CallyoObjcCodeChallenge */ = {
			isa = PBXNativeTarget;
			buildConfigurationList = 926952F62066EAF500E5BE47 /* Build configuration list for PBXNativeTarget "CallyoObjcCodeChallenge" */;
			buildPhases = (
				07F2222D91D393D4AB923328 /* [CP] Check Pods Manifest.lock */,
				926952DC2066EAF500E5BE47 /* Sources */,
				926952DD2066EAF500E5BE47 /* Frameworks */,
				926952DE2066EAF500E5BE47 /* Resources */,
				63A8B1B7BEC06E324D792BAC /* [CP] Embed Pods Frameworks */,
				9FAB049647D4FA56189AA86C /* [CP] Copy Pods Resources */,
			);
			buildRules = (
			);
			dependencies = (
			);
			name = CallyoObjcCodeChallenge;
			productName = CallyoObjcCodeChallenge;
			productReference = 926952E02066EAF500E5BE47 /* CallyoObjcCodeChallenge.app */;
			productType = "com.apple.product-type.application";
		};
/* End PBXNativeTarget section */

/* Begin PBXProject section */
		926952D82066EAF500E5BE47 /* Project object */ = {
			isa = PBXProject;
			attributes = {
				LastUpgradeCheck = 0920;
				ORGANIZATIONNAME = Anthony;
				TargetAttributes = {
					926952DF2066EAF500E5BE47 = {
						CreatedOnToolsVersion = 9.2;
						ProvisioningStyle = Automatic;
					};
				};
			};
			buildConfigurationList = 926952DB2066EAF500E5BE47 /* Build configuration list for PBXProject "CallyoObjcCodeChallenge" */;
			compatibilityVersion = "Xcode 8.0";
			developmentRegion = en;
			hasScannedForEncodings = 0;
			knownRegions = (
				en,
				Base,
			);
			mainGroup = 926952D72066EAF500E5BE47;
			productRefGroup = 926952E12066EAF500E5BE47 /* Products */;
			projectDirPath = "";
			projectRoot = "";
			targets = (
				926952DF2066EAF500E5BE47 /* CallyoObjcCodeChallenge */,
			);
		};
/* End PBXProject section */

/* Begin PBXResourcesBuildPhase section */
		926952DE2066EAF500E5BE47 /* Resources */ = {
			isa = PBXResourcesBuildPhase;
			buildActionMask = 2147483647;
			files = (
				9264A0C920688ECA00FAF90C /* 13n.png in Resources */,
				9264A0B120688CEC00FAF90C /* 11d.png in Resources */,
				9264A0C420688ECA00FAF90C /* 09n.png in Resources */,
				9264A0B620688CEC00FAF90C /* 04d.png in Resources */,
				926952F02066EAF500E5BE47 /* LaunchScreen.storyboard in Resources */,
				9264A0B720688CEC00FAF90C /* 09d.png in Resources */,
				9264A0C120688ECA00FAF90C /* 10n.png in Resources */,
				926952ED2066EAF500E5BE47 /* Assets.xcassets in Resources */,
				9264A0C220688ECA00FAF90C /* 04n.png in Resources */,
				9264A0C520688ECA00FAF90C /* 11n.png in Resources */,
				9264A0C620688ECA00FAF90C /* 50n.png in Resources */,
				9264A0B420688CEC00FAF90C /* 13d.png in Resources */,
				9264A0C720688ECA00FAF90C /* 01n.png in Resources */,
				9264A0B320688CEC00FAF90C /* 50d.png in Resources */,
				9264A0B020688CEC00FAF90C /* 03d.png in Resources */,
				9264A0C820688ECA00FAF90C /* 02n.png in Resources */,
				926952EB2066EAF500E5BE47 /* Main.storyboard in Resources */,
				9264A0B220688CEC00FAF90C /* 02d.png in Resources */,
				9264A0C320688ECA00FAF90C /* 03n.png in Resources */,
				9264A0AF20688CEC00FAF90C /* 01d.png in Resources */,
				9264A0B520688CEC00FAF90C /* 10d.png in Resources */,
			);
			runOnlyForDeploymentPostprocessing = 0;
		};
/* End PBXResourcesBuildPhase section */

/* Begin PBXShellScriptBuildPhase section */
		07F2222D91D393D4AB923328 /* [CP] Check Pods Manifest.lock */ = {
			isa = PBXShellScriptBuildPhase;
			buildActionMask = 2147483647;
			files = (
			);
			inputPaths = (
			);
			name = "[CP] Check Pods Manifest.lock";
			outputPaths = (
			);
			runOnlyForDeploymentPostprocessing = 0;
			shellPath = /bin/sh;
			shellScript = "diff \"${PODS_ROOT}/../Podfile.lock\" \"${PODS_ROOT}/Manifest.lock\" > /dev/null\nif [ $? != 0 ] ; then\n    # print error to STDERR\n    echo \"error: The sandbox is not in sync with the Podfile.lock. Run 'pod install' or update your CocoaPods installation.\" >&2\n    exit 1\nfi\n";
			showEnvVarsInLog = 0;
		};
		63A8B1B7BEC06E324D792BAC /* [CP] Embed Pods Frameworks */ = {
			isa = PBXShellScriptBuildPhase;
			buildActionMask = 2147483647;
			files = (
			);
			inputPaths = (
			);
			name = "[CP] Embed Pods Frameworks";
			outputPaths = (
			);
			runOnlyForDeploymentPostprocessing = 0;
			shellPath = /bin/sh;
			shellScript = "\"${SRCROOT}/Pods/Target Support Files/Pods-CallyoObjcCodeChallenge/Pods-CallyoObjcCodeChallenge-frameworks.sh\"\n";
			showEnvVarsInLog = 0;
		};
		9FAB049647D4FA56189AA86C /* [CP] Copy Pods Resources */ = {
			isa = PBXShellScriptBuildPhase;
			buildActionMask = 2147483647;
			files = (
			);
			inputPaths = (
			);
			name = "[CP] Copy Pods Resources";
			outputPaths = (
			);
			runOnlyForDeploymentPostprocessing = 0;
			shellPath = /bin/sh;
			shellScript = "\"${SRCROOT}/Pods/Target Support Files/Pods-CallyoObjcCodeChallenge/Pods-CallyoObjcCodeChallenge-resources.sh\"\n";
			showEnvVarsInLog = 0;
		};
/* End PBXShellScriptBuildPhase section */

/* Begin PBXSourcesBuildPhase section */
		926952DC2066EAF500E5BE47 /* Sources */ = {
			isa = PBXSourcesBuildPhase;
			buildActionMask = 2147483647;
			files = (
				92C4F8D62068457D003A7035 /* DetailViewController.m in Sources */,
				926952E82066EAF500E5BE47 /* ViewController.m in Sources */,
				9203496D2068969000D6AC5C /* WeatherTableViewCell.m in Sources */,
				926952F32066EAF500E5BE47 /* main.m in Sources */,
				92220D2D20682A7D00062F58 /* Reachability.m in Sources */,
				926952E52066EAF500E5BE47 /* AppDelegate.m in Sources */,
			);
			runOnlyForDeploymentPostprocessing = 0;
		};
/* End PBXSourcesBuildPhase section */

/* Begin PBXVariantGroup section */
		926952E92066EAF500E5BE47 /* Main.storyboard */ = {
			isa = PBXVariantGroup;
			children = (
				926952EA2066EAF500E5BE47 /* Base */,
			);
			name = Main.storyboard;
			sourceTree = "<group>";
		};
		926952EE2066EAF500E5BE47 /* LaunchScreen.storyboard */ = {
			isa = PBXVariantGroup;
			children = (
				926952EF2066EAF500E5BE47 /* Base */,
			);
			name = LaunchScreen.storyboard;
			sourceTree = "<group>";
		};
/* End PBXVariantGroup section */

/* Begin XCBuildConfiguration section */
		926952F42066EAF500E5BE47 /* Debug */ = {
			isa = XCBuildConfiguration;
			buildSettings = {
				ALWAYS_SEARCH_USER_PATHS = NO;
				CLANG_ANALYZER_NONNULL = YES;
				CLANG_ANALYZER_NUMBER_OBJECT_CONVERSION = YES_AGGRESSIVE;
				CLANG_CXX_LANGUAGE_STANDARD = "gnu++14";
				CLANG_CXX_LIBRARY = "libc++";
				CLANG_ENABLE_MODULES = YES;
				CLANG_ENABLE_OBJC_ARC = YES;
				CLANG_WARN_BLOCK_CAPTURE_AUTORELEASING = YES;
				CLANG_WARN_BOOL_CONVERSION = YES;
				CLANG_WARN_COMMA = YES;
				CLANG_WARN_CONSTANT_CONVERSION = YES;
				CLANG_WARN_DIRECT_OBJC_ISA_USAGE = YES_ERROR;
				CLANG_WARN_DOCUMENTATION_COMMENTS = YES;
				CLANG_WARN_EMPTY_BODY = YES;
				CLANG_WARN_ENUM_CONVERSION = YES;
				CLANG_WARN_INFINITE_RECURSION = YES;
				CLANG_WARN_INT_CONVERSION = YES;
				CLANG_WARN_NON_LITERAL_NULL_CONVERSION = YES;
				CLANG_WARN_OBJC_LITERAL_CONVERSION = YES;
				CLANG_WARN_OBJC_ROOT_CLASS = YES_ERROR;
				CLANG_WARN_RANGE_LOOP_ANALYSIS = YES;
				CLANG_WARN_STRICT_PROTOTYPES = YES;
				CLANG_WARN_SUSPICIOUS_MOVE = YES;
				CLANG_WARN_UNGUARDED_AVAILABILITY = YES_AGGRESSIVE;
				CLANG_WARN_UNREACHABLE_CODE = YES;
				CLANG_WARN__DUPLICATE_METHOD_MATCH = YES;
				CODE_SIGN_IDENTITY = "iPhone Developer";
				COPY_PHASE_STRIP = NO;
				DEBUG_INFORMATION_FORMAT = dwarf;
				ENABLE_STRICT_OBJC_MSGSEND = YES;
				ENABLE_TESTABILITY = YES;
				GCC_C_LANGUAGE_STANDARD = gnu11;
				GCC_DYNAMIC_NO_PIC = NO;
				GCC_NO_COMMON_BLOCKS = YES;
				GCC_OPTIMIZATION_LEVEL = 0;
				GCC_PREPROCESSOR_DEFINITIONS = (
					"DEBUG=1",
					"$(inherited)",
				);
				GCC_WARN_64_TO_32_BIT_CONVERSION = YES;
				GCC_WARN_ABOUT_RETURN_TYPE = YES_ERROR;
				GCC_WARN_UNDECLARED_SELECTOR = YES;
				GCC_WARN_UNINITIALIZED_AUTOS = YES_AGGRESSIVE;
				GCC_WARN_UNUSED_FUNCTION = YES;
				GCC_WARN_UNUSED_VARIABLE = YES;
				IPHONEOS_DEPLOYMENT_TARGET = 11.2;
				MTL_ENABLE_DEBUG_INFO = YES;
				ONLY_ACTIVE_ARCH = YES;
				SDKROOT = iphoneos;
			};
			name = Debug;
		};
		926952F52066EAF500E5BE47 /* Release */ = {
			isa = XCBuildConfiguration;
			buildSettings = {
				ALWAYS_SEARCH_USER_PATHS = NO;
				CLANG_ANALYZER_NONNULL = YES;
				CLANG_ANALYZER_NUMBER_OBJECT_CONVERSION = YES_AGGRESSIVE;
				CLANG_CXX_LANGUAGE_STANDARD = "gnu++14";
				CLANG_CXX_LIBRARY = "libc++";
				CLANG_ENABLE_MODULES = YES;
				CLANG_ENABLE_OBJC_ARC = YES;
				CLANG_WARN_BLOCK_CAPTURE_AUTORELEASING = YES;
				CLANG_WARN_BOOL_CONVERSION = YES;
				CLANG_WARN_COMMA = YES;
				CLANG_WARN_CONSTANT_CONVERSION = YES;
				CLANG_WARN_DIRECT_OBJC_ISA_USAGE = YES_ERROR;
				CLANG_WARN_DOCUMENTATION_COMMENTS = YES;
				CLANG_WARN_EMPTY_BODY = YES;
				CLANG_WARN_ENUM_CONVERSION = YES;
				CLANG_WARN_INFINITE_RECURSION = YES;
				CLANG_WARN_INT_CONVERSION = YES;
				CLANG_WARN_NON_LITERAL_NULL_CONVERSION = YES;
				CLANG_WARN_OBJC_LITERAL_CONVERSION = YES;
				CLANG_WARN_OBJC_ROOT_CLASS = YES_ERROR;
				CLANG_WARN_RANGE_LOOP_ANALYSIS = YES;
				CLANG_WARN_STRICT_PROTOTYPES = YES;
				CLANG_WARN_SUSPICIOUS_MOVE = YES;
				CLANG_WARN_UNGUARDED_AVAILABILITY = YES_AGGRESSIVE;
				CLANG_WARN_UNREACHABLE_CODE = YES;
				CLANG_WARN__DUPLICATE_METHOD_MATCH = YES;
				CODE_SIGN_IDENTITY = "iPhone Developer";
				COPY_PHASE_STRIP = NO;
				DEBUG_INFORMATION_FORMAT = "dwarf-with-dsym";
				ENABLE_NS_ASSERTIONS = NO;
				ENABLE_STRICT_OBJC_MSGSEND = YES;
				GCC_C_LANGUAGE_STANDARD = gnu11;
				GCC_NO_COMMON_BLOCKS = YES;
				GCC_WARN_64_TO_32_BIT_CONVERSION = YES;
				GCC_WARN_ABOUT_RETURN_TYPE = YES_ERROR;
				GCC_WARN_UNDECLARED_SELECTOR = YES;
				GCC_WARN_UNINITIALIZED_AUTOS = YES_AGGRESSIVE;
				GCC_WARN_UNUSED_FUNCTION = YES;
				GCC_WARN_UNUSED_VARIABLE = YES;
				IPHONEOS_DEPLOYMENT_TARGET = 11.2;
				MTL_ENABLE_DEBUG_INFO = NO;
				SDKROOT = iphoneos;
				VALIDATE_PRODUCT = YES;
			};
			name = Release;
		};
		926952F72066EAF500E5BE47 /* Debug */ = {
			isa = XCBuildConfiguration;
			baseConfigurationReference = 3981028BF235AE9F3E788868 /* Pods-CallyoObjcCodeChallenge.debug.xcconfig */;
			buildSettings = {
				ASSETCATALOG_COMPILER_APPICON_NAME = AppIcon;
				"CODE_SIGN_IDENTITY[sdk=iphoneos*]" = "iPhone Developer";
				CODE_SIGN_STYLE = Automatic;
				DEVELOPMENT_TEAM = 92AXCX858Q;
				INFOPLIST_FILE = CallyoObjcCodeChallenge/Info.plist;
				LD_RUNPATH_SEARCH_PATHS = "$(inherited) @executable_path/Frameworks";
				PRODUCT_BUNDLE_IDENTIFIER = com.CallyoObjcCodeChallenge;
				PRODUCT_NAME = "$(TARGET_NAME)";
				PROVISIONING_PROFILE = "";
				PROVISIONING_PROFILE_SPECIFIER = "";
				TARGETED_DEVICE_FAMILY = "1,2";
			};
			name = Debug;
		};
		926952F82066EAF500E5BE47 /* Release */ = {
			isa = XCBuildConfiguration;
			baseConfigurationReference = BD4A0778F36DADA4120D25DA /* Pods-CallyoObjcCodeChallenge.release.xcconfig */;
			buildSettings = {
				ASSETCATALOG_COMPILER_APPICON_NAME = AppIcon;
				"CODE_SIGN_IDENTITY[sdk=iphoneos*]" = "iPhone Developer";
				CODE_SIGN_STYLE = Automatic;
				DEVELOPMENT_TEAM = 92AXCX858Q;
				INFOPLIST_FILE = CallyoObjcCodeChallenge/Info.plist;
				LD_RUNPATH_SEARCH_PATHS = "$(inherited) @executable_path/Frameworks";
				PRODUCT_BUNDLE_IDENTIFIER = com.CallyoObjcCodeChallenge;
				PRODUCT_NAME = "$(TARGET_NAME)";
				PROVISIONING_PROFILE_SPECIFIER = "";
				TARGETED_DEVICE_FAMILY = "1,2";
			};
			name = Release;
		};
/* End XCBuildConfiguration section */

/* Begin XCConfigurationList section */
		926952DB2066EAF500E5BE47 /* Build configuration list for PBXProject "CallyoObjcCodeChallenge" */ = {
			isa = XCConfigurationList;
			buildConfigurations = (
				926952F42066EAF500E5BE47 /* Debug */,
				926952F52066EAF500E5BE47 /* Release */,
			);
			defaultConfigurationIsVisible = 0;
			defaultConfigurationName = Release;
		};
		926952F62066EAF500E5BE47 /* Build configuration list for PBXNativeTarget "CallyoObjcCodeChallenge" */ = {
			isa = XCConfigurationList;
			buildConfigurations = (
				926952F72066EAF500E5BE47 /* Debug */,
				926952F82066EAF500E5BE47 /* Release */,
			);
			defaultConfigurationIsVisible = 0;
			defaultConfigurationName = Release;
		};
/* End XCConfigurationList section */
	};
	rootObject = 926952D82066EAF500E5BE47 /* Project object */;
}
